// !$*UTF8*$!
{
	archiveVersion = 1;
	classes = {
	};
	objectVersion = 55;
	objects = {

/* Begin PBXBuildFile section */
		146B85F02716AC3D007B56D4 /* AppDelegate.swift in Sources */ = {isa = PBXBuildFile; fileRef = 146B85EF2716AC3D007B56D4 /* AppDelegate.swift */; };
		146B85F22716AC3D007B56D4 /* SceneDelegate.swift in Sources */ = {isa = PBXBuildFile; fileRef = 146B85F12716AC3D007B56D4 /* SceneDelegate.swift */; };
		146B85F42716AC3D007B56D4 /* ViewController.swift in Sources */ = {isa = PBXBuildFile; fileRef = 146B85F32716AC3D007B56D4 /* ViewController.swift */; };
		146B85F72716AC3D007B56D4 /* Main.storyboard in Resources */ = {isa = PBXBuildFile; fileRef = 146B85F52716AC3D007B56D4 /* Main.storyboard */; };
		146B85F92716AC3F007B56D4 /* Assets.xcassets in Resources */ = {isa = PBXBuildFile; fileRef = 146B85F82716AC3F007B56D4 /* Assets.xcassets */; };
		146B85FC2716AC3F007B56D4 /* LaunchScreen.storyboard in Resources */ = {isa = PBXBuildFile; fileRef = 146B85FA2716AC3F007B56D4 /* LaunchScreen.storyboard */; };
		146B86062716C7AB007B56D4 /* InfoTableViewCell.swift in Sources */ = {isa = PBXBuildFile; fileRef = 146B86052716C7AB007B56D4 /* InfoTableViewCell.swift */; };
		146B861F2716CE73007B56D4 /* PgyService.swift in Sources */ = {isa = PBXBuildFile; fileRef = 146B861E2716CE73007B56D4 /* PgyService.swift */; };
		146B86272716D2CB007B56D4 /* ApplicationFlow.swift in Sources */ = {isa = PBXBuildFile; fileRef = 146B86262716D2CB007B56D4 /* ApplicationFlow.swift */; };
		5118D65D73C7C46B7D4D497D /* libPods-RainBowBridge.a in Frameworks */ = {isa = PBXBuildFile; fileRef = AFA043F3B6CC6A364BA7CD1A /* libPods-RainBowBridge.a */; };
/* End PBXBuildFile section */

/* Begin PBXFileReference section */
		146B85EC2716AC3D007B56D4 /* RainBowBridge.app */ = {isa = PBXFileReference; explicitFileType = wrapper.application; includeInIndex = 0; path = RainBowBridge.app; sourceTree = BUILT_PRODUCTS_DIR; };
		146B85EF2716AC3D007B56D4 /* AppDelegate.swift */ = {isa = PBXFileReference; lastKnownFileType = sourcecode.swift; path = AppDelegate.swift; sourceTree = "<group>"; };
		146B85F12716AC3D007B56D4 /* SceneDelegate.swift */ = {isa = PBXFileReference; lastKnownFileType = sourcecode.swift; path = SceneDelegate.swift; sourceTree = "<group>"; };
		146B85F32716AC3D007B56D4 /* ViewController.swift */ = {isa = PBXFileReference; lastKnownFileType = sourcecode.swift; path = ViewController.swift; sourceTree = "<group>"; };
		146B85F62716AC3D007B56D4 /* Base */ = {isa = PBXFileReference; lastKnownFileType = file.storyboard; name = Base; path = Base.lproj/Main.storyboard; sourceTree = "<group>"; };
		146B85F82716AC3F007B56D4 /* Assets.xcassets */ = {isa = PBXFileReference; lastKnownFileType = folder.assetcatalog; path = Assets.xcassets; sourceTree = "<group>"; };
		146B85FB2716AC3F007B56D4 /* Base */ = {isa = PBXFileReference; lastKnownFileType = file.storyboard; name = Base; path = Base.lproj/LaunchScreen.storyboard; sourceTree = "<group>"; };
		146B85FD2716AC3F007B56D4 /* Info.plist */ = {isa = PBXFileReference; lastKnownFileType = text.plist.xml; path = Info.plist; sourceTree = "<group>"; };
		146B86052716C7AB007B56D4 /* InfoTableViewCell.swift */ = {isa = PBXFileReference; lastKnownFileType = sourcecode.swift; path = InfoTableViewCell.swift; sourceTree = "<group>"; };
		146B861E2716CE73007B56D4 /* PgyService.swift */ = {isa = PBXFileReference; lastKnownFileType = sourcecode.swift; path = PgyService.swift; sourceTree = "<group>"; };
		146B86262716D2CB007B56D4 /* ApplicationFlow.swift */ = {isa = PBXFileReference; lastKnownFileType = sourcecode.swift; path = ApplicationFlow.swift; sourceTree = "<group>"; };
		3D7FD78157A6E62CC2623733 /* Pods-RainBowBridge.debug.xcconfig */ = {isa = PBXFileReference; includeInIndex = 1; lastKnownFileType = text.xcconfig; name = "Pods-RainBowBridge.debug.xcconfig"; path = "Target Support Files/Pods-RainBowBridge/Pods-RainBowBridge.debug.xcconfig"; sourceTree = "<group>"; };
		5E559576790135819B720C1F /* Pods-RainBowBridge.release.xcconfig */ = {isa = PBXFileReference; includeInIndex = 1; lastKnownFileType = text.xcconfig; name = "Pods-RainBowBridge.release.xcconfig"; path = "Target Support Files/Pods-RainBowBridge/Pods-RainBowBridge.release.xcconfig"; sourceTree = "<group>"; };
		AFA043F3B6CC6A364BA7CD1A /* libPods-RainBowBridge.a */ = {isa = PBXFileReference; explicitFileType = archive.ar; includeInIndex = 0; path = "libPods-RainBowBridge.a"; sourceTree = BUILT_PRODUCTS_DIR; };
/* End PBXFileReference section */

/* Begin PBXFrameworksBuildPhase section */
		146B85E92716AC3D007B56D4 /* Frameworks */ = {
			isa = PBXFrameworksBuildPhase;
			buildActionMask = 2147483647;
			files = (
				5118D65D73C7C46B7D4D497D /* libPods-RainBowBridge.a in Frameworks */,
			);
			runOnlyForDeploymentPostprocessing = 0;
		};
/* End PBXFrameworksBuildPhase section */

/* Begin PBXGroup section */
		146B85E32716AC3D007B56D4 = {
			isa = PBXGroup;
			children = (
				146B85EE2716AC3D007B56D4 /* RainBowBridge */,
				146B85ED2716AC3D007B56D4 /* Products */,
				501895D67A0A3A4782407F12 /* Pods */,
				863B9878DAEBE59534F64893 /* Frameworks */,
			);
			sourceTree = "<group>";
		};
		146B85ED2716AC3D007B56D4 /* Products */ = {
			isa = PBXGroup;
			children = (
				146B85EC2716AC3D007B56D4 /* RainBowBridge.app */,
			);
			name = Products;
			sourceTree = "<group>";
		};
		146B85EE2716AC3D007B56D4 /* RainBowBridge */ = {
			isa = PBXGroup;
			children = (
				146B85EF2716AC3D007B56D4 /* AppDelegate.swift */,
				146B85F12716AC3D007B56D4 /* SceneDelegate.swift */,
				146B85F32716AC3D007B56D4 /* ViewController.swift */,
				146B86052716C7AB007B56D4 /* InfoTableViewCell.swift */,
				146B86262716D2CB007B56D4 /* ApplicationFlow.swift */,
				146B861E2716CE73007B56D4 /* PgyService.swift */,
				146B85F52716AC3D007B56D4 /* Main.storyboard */,
				146B85F82716AC3F007B56D4 /* Assets.xcassets */,
				146B85FA2716AC3F007B56D4 /* LaunchScreen.storyboard */,
				146B85FD2716AC3F007B56D4 /* Info.plist */,
			);
			path = RainBowBridge;
			sourceTree = "<group>";
		};
		501895D67A0A3A4782407F12 /* Pods */ = {
			isa = PBXGroup;
			children = (
				3D7FD78157A6E62CC2623733 /* Pods-RainBowBridge.debug.xcconfig */,
				5E559576790135819B720C1F /* Pods-RainBowBridge.release.xcconfig */,
			);
			path = Pods;
			sourceTree = "<group>";
		};
		863B9878DAEBE59534F64893 /* Frameworks */ = {
			isa = PBXGroup;
			children = (
				AFA043F3B6CC6A364BA7CD1A /* libPods-RainBowBridge.a */,
			);
			name = Frameworks;
			sourceTree = "<group>";
		};
/* End PBXGroup section */

/* Begin PBXNativeTarget section */
		146B85EB2716AC3D007B56D4 /* RainBowBridge */ = {
			isa = PBXNativeTarget;
			buildConfigurationList = 146B86002716AC3F007B56D4 /* Build configuration list for PBXNativeTarget "RainBowBridge" */;
			buildPhases = (
				2CDD851C24137AD74D987350 /* [CP] Check Pods Manifest.lock */,
				146B85E82716AC3D007B56D4 /* Sources */,
				146B85E92716AC3D007B56D4 /* Frameworks */,
				146B85EA2716AC3D007B56D4 /* Resources */,
			);
			buildRules = (
			);
			dependencies = (
			);
			name = RainBowBridge;
			productName = RainBowBridge;
			productReference = 146B85EC2716AC3D007B56D4 /* RainBowBridge.app */;
			productType = "com.apple.product-type.application";
		};
/* End PBXNativeTarget section */

/* Begin PBXProject section */
		146B85E42716AC3D007B56D4 /* Project object */ = {
			isa = PBXProject;
			attributes = {
				BuildIndependentTargetsInParallel = 1;
				LastSwiftUpdateCheck = 1300;
				LastUpgradeCheck = 1300;
				TargetAttributes = {
					146B85EB2716AC3D007B56D4 = {
						CreatedOnToolsVersion = 13.0;
					};
				};
			};
			buildConfigurationList = 146B85E72716AC3D007B56D4 /* Build configuration list for PBXProject "RainBowBridge" */;
			compatibilityVersion = "Xcode 13.0";
			developmentRegion = en;
			hasScannedForEncodings = 0;
			knownRegions = (
				en,
				Base,
			);
			mainGroup = 146B85E32716AC3D007B56D4;
			productRefGroup = 146B85ED2716AC3D007B56D4 /* Products */;
			projectDirPath = "";
			projectRoot = "";
			targets = (
				146B85EB2716AC3D007B56D4 /* RainBowBridge */,
			);
		};
/* End PBXProject section */

/* Begin PBXResourcesBuildPhase section */
		146B85EA2716AC3D007B56D4 /* Resources */ = {
			isa = PBXResourcesBuildPhase;
			buildActionMask = 2147483647;
			files = (
				146B85FC2716AC3F007B56D4 /* LaunchScreen.storyboard in Resources */,
				146B85F92716AC3F007B56D4 /* Assets.xcassets in Resources */,
				146B85F72716AC3D007B56D4 /* Main.storyboard in Resources */,
			);
			runOnlyForDeploymentPostprocessing = 0;
		};
/* End PBXResourcesBuildPhase section */

/* Begin PBXShellScriptBuildPhase section */
		2CDD851C24137AD74D987350 /* [CP] Check Pods Manifest.lock */ = {
			isa = PBXShellScriptBuildPhase;
			buildActionMask = 2147483647;
			files = (
			);
			inputFileListPaths = (
			);
			inputPaths = (
				"${PODS_PODFILE_DIR_PATH}/Podfile.lock",
				"${PODS_ROOT}/Manifest.lock",
			);
			name = "[CP] Check Pods Manifest.lock";
			outputFileListPaths = (
			);
			outputPaths = (
				"$(DERIVED_FILE_DIR)/Pods-RainBowBridge-checkManifestLockResult.txt",
			);
			runOnlyForDeploymentPostprocessing = 0;
			shellPath = /bin/sh;
			shellScript = "diff \"${PODS_PODFILE_DIR_PATH}/Podfile.lock\" \"${PODS_ROOT}/Manifest.lock\" > /dev/null\nif [ $? != 0 ] ; then\n    # print error to STDERR\n    echo \"error: The sandbox is not in sync with the Podfile.lock. Run 'pod install' or update your CocoaPods installation.\" >&2\n    exit 1\nfi\n# This output is used by Xcode 'outputs' to avoid re-running this script phase.\necho \"SUCCESS\" > \"${SCRIPT_OUTPUT_FILE_0}\"\n";
			showEnvVarsInLog = 0;
		};
/* End PBXShellScriptBuildPhase section */

/* Begin PBXSourcesBuildPhase section */
		146B85E82716AC3D007B56D4 /* Sources */ = {
			isa = PBXSourcesBuildPhase;
			buildActionMask = 2147483647;
			files = (
				146B86272716D2CB007B56D4 /* ApplicationFlow.swift in Sources */,
				146B861F2716CE73007B56D4 /* PgyService.swift in Sources */,
				146B85F42716AC3D007B56D4 /* ViewController.swift in Sources */,
				146B86062716C7AB007B56D4 /* InfoTableViewCell.swift in Sources */,
				146B85F02716AC3D007B56D4 /* AppDelegate.swift in Sources */,
				146B85F22716AC3D007B56D4 /* SceneDelegate.swift in Sources */,
			);
			runOnlyForDeploymentPostprocessing = 0;
		};
/* End PBXSourcesBuildPhase section */

/* Begin PBXVariantGroup section */
		146B85F52716AC3D007B56D4 /* Main.storyboard */ = {
			isa = PBXVariantGroup;
			children = (
				146B85F62716AC3D007B56D4 /* Base */,
			);
			name = Main.storyboard;
			sourceTree = "<group>";
		};
		146B85FA2716AC3F007B56D4 /* LaunchScreen.storyboard */ = {
			isa = PBXVariantGroup;
			children = (
				146B85FB2716AC3F007B56D4 /* Base */,
			);
			name = LaunchScreen.storyboard;
			sourceTree = "<group>";
		};
/* End PBXVariantGroup section */

/* Begin XCBuildConfiguration section */
		146B85FE2716AC3F007B56D4 /* Debug */ = {
			isa = XCBuildConfiguration;
			buildSettings = {
				ALWAYS_SEARCH_USER_PATHS = NO;
				CLANG_ANALYZER_NONNULL = YES;
				CLANG_ANALYZER_NUMBER_OBJECT_CONVERSION = YES_AGGRESSIVE;
				CLANG_CXX_LANGUAGE_STANDARD = "gnu++17";
				CLANG_CXX_LIBRARY = "libc++";
				CLANG_ENABLE_MODULES = YES;
				CLANG_ENABLE_OBJC_ARC = YES;
				CLANG_ENABLE_OBJC_WEAK = YES;
				CLANG_WARN_BLOCK_CAPTURE_AUTORELEASING = YES;
				CLANG_WARN_BOOL_CONVERSION = YES;
				CLANG_WARN_COMMA = YES;
				CLANG_WARN_CONSTANT_CONVERSION = YES;
				CLANG_WARN_DEPRECATED_OBJC_IMPLEMENTATIONS = YES;
				CLANG_WARN_DIRECT_OBJC_ISA_USAGE = YES_ERROR;
				CLANG_WARN_DOCUMENTATION_COMMENTS = YES;
				CLANG_WARN_EMPTY_BODY = YES;
				CLANG_WARN_ENUM_CONVERSION = YES;
				CLANG_WARN_INFINITE_RECURSION = YES;
				CLANG_WARN_INT_CONVERSION = YES;
				CLANG_WARN_NON_LITERAL_NULL_CONVERSION = YES;
				CLANG_WARN_OBJC_IMPLICIT_RETAIN_SELF = YES;
				CLANG_WARN_OBJC_LITERAL_CONVERSION = YES;
				CLANG_WARN_OBJC_ROOT_CLASS = YES_ERROR;
				CLANG_WARN_QUOTED_INCLUDE_IN_FRAMEWORK_HEADER = YES;
				CLANG_WARN_RANGE_LOOP_ANALYSIS = YES;
				CLANG_WARN_STRICT_PROTOTYPES = YES;
				CLANG_WARN_SUSPICIOUS_MOVE = YES;
				CLANG_WARN_UNGUARDED_AVAILABILITY = YES_AGGRESSIVE;
				CLANG_WARN_UNREACHABLE_CODE = YES;
				CLANG_WARN__DUPLICATE_METHOD_MATCH = YES;
				COPY_PHASE_STRIP = NO;
				DEBUG_INFORMATION_FORMAT = dwarf;
				ENABLE_STRICT_OBJC_MSGSEND = YES;
				ENABLE_TESTABILITY = YES;
				GCC_C_LANGUAGE_STANDARD = gnu11;
				GCC_DYNAMIC_NO_PIC = NO;
				GCC_NO_COMMON_BLOCKS = YES;
				GCC_OPTIMIZATION_LEVEL = 0;
				GCC_PREPROCESSOR_DEFINITIONS = (
					"DEBUG=1",
					"$(inherited)",
				);
				GCC_WARN_64_TO_32_BIT_CONVERSION = YES;
				GCC_WARN_ABOUT_RETURN_TYPE = YES_ERROR;
				GCC_WARN_UNDECLARED_SELECTOR = YES;
				GCC_WARN_UNINITIALIZED_AUTOS = YES_AGGRESSIVE;
				GCC_WARN_UNUSED_FUNCTION = YES;
				GCC_WARN_UNUSED_VARIABLE = YES;
				IPHONEOS_DEPLOYMENT_TARGET = 13.0;
				MTL_ENABLE_DEBUG_INFO = INCLUDE_SOURCE;
				MTL_FAST_MATH = YES;
				ONLY_ACTIVE_ARCH = YES;
				SDKROOT = iphoneos;
				SWIFT_ACTIVE_COMPILATION_CONDITIONS = DEBUG;
				SWIFT_OPTIMIZATION_LEVEL = "-Onone";
			};
			name = Debug;
		};
		146B85FF2716AC3F007B56D4 /* Release */ = {
			isa = XCBuildConfiguration;
			buildSettings = {
				ALWAYS_SEARCH_USER_PATHS = NO;
				CLANG_ANALYZER_NONNULL = YES;
				CLANG_ANALYZER_NUMBER_OBJECT_CONVERSION = YES_AGGRESSIVE;
				CLANG_CXX_LANGUAGE_STANDARD = "gnu++17";
				CLANG_CXX_LIBRARY = "libc++";
				CLANG_ENABLE_MODULES = YES;
				CLANG_ENABLE_OBJC_ARC = YES;
				CLANG_ENABLE_OBJC_WEAK = YES;
				CLANG_WARN_BLOCK_CAPTURE_AUTORELEASING = YES;
				CLANG_WARN_BOOL_CONVERSION = YES;
				CLANG_WARN_COMMA = YES;
				CLANG_WARN_CONSTANT_CONVERSION = YES;
				CLANG_WARN_DEPRECATED_OBJC_IMPLEMENTATIONS = YES;
				CLANG_WARN_DIRECT_OBJC_ISA_USAGE = YES_ERROR;
				CLANG_WARN_DOCUMENTATION_COMMENTS = YES;
				CLANG_WARN_EMPTY_BODY = YES;
				CLANG_WARN_ENUM_CONVERSION = YES;
				CLANG_WARN_INFINITE_RECURSION = YES;
				CLANG_WARN_INT_CONVERSION = YES;
				CLANG_WARN_NON_LITERAL_NULL_CONVERSION = YES;
				CLANG_WARN_OBJC_IMPLICIT_RETAIN_SELF = YES;
				CLANG_WARN_OBJC_LITERAL_CONVERSION = YES;
				CLANG_WARN_OBJC_ROOT_CLASS = YES_ERROR;
				CLANG_WARN_QUOTED_INCLUDE_IN_FRAMEWORK_HEADER = YES;
				CLANG_WARN_RANGE_LOOP_ANALYSIS = YES;
				CLANG_WARN_STRICT_PROTOTYPES = YES;
				CLANG_WARN_SUSPICIOUS_MOVE = YES;
				CLANG_WARN_UNGUARDED_AVAILABILITY = YES_AGGRESSIVE;
				CLANG_WARN_UNREACHABLE_CODE = YES;
				CLANG_WARN__DUPLICATE_METHOD_MATCH = YES;
				COPY_PHASE_STRIP = NO;
				DEBUG_INFORMATION_FORMAT = "dwarf-with-dsym";
				ENABLE_NS_ASSERTIONS = NO;
				ENABLE_STRICT_OBJC_MSGSEND = YES;
				GCC_C_LANGUAGE_STANDARD = gnu11;
				GCC_NO_COMMON_BLOCKS = YES;
				GCC_WARN_64_TO_32_BIT_CONVERSION = YES;
				GCC_WARN_ABOUT_RETURN_TYPE = YES_ERROR;
				GCC_WARN_UNDECLARED_SELECTOR = YES;
				GCC_WARN_UNINITIALIZED_AUTOS = YES_AGGRESSIVE;
				GCC_WARN_UNUSED_FUNCTION = YES;
				GCC_WARN_UNUSED_VARIABLE = YES;
				IPHONEOS_DEPLOYMENT_TARGET = 13.0;
				MTL_ENABLE_DEBUG_INFO = NO;
				MTL_FAST_MATH = YES;
				SDKROOT = iphoneos;
				SWIFT_COMPILATION_MODE = wholemodule;
				SWIFT_OPTIMIZATION_LEVEL = "-O";
				VALIDATE_PRODUCT = YES;
			};
			name = Release;
		};
		146B86012716AC3F007B56D4 /* Debug */ = {
			isa = XCBuildConfiguration;
			baseConfigurationReference = 3D7FD78157A6E62CC2623733 /* Pods-RainBowBridge.debug.xcconfig */;
			buildSettings = {
				ASSETCATALOG_COMPILER_APPICON_NAME = AppIcon;
				ASSETCATALOG_COMPILER_GLOBAL_ACCENT_COLOR_NAME = AccentColor;
				CODE_SIGN_STYLE = Automatic;
				CURRENT_PROJECT_VERSION = 1;
				DEVELOPMENT_TEAM = KHGUSP9738;
				GENERATE_INFOPLIST_FILE = YES;
				INFOPLIST_FILE = RainBowBridge/Info.plist;
				INFOPLIST_KEY_UIApplicationSupportsIndirectInputEvents = YES;
				INFOPLIST_KEY_UILaunchStoryboardName = LaunchScreen;
				INFOPLIST_KEY_UIMainStoryboardFile = Main;
				INFOPLIST_KEY_UISupportedInterfaceOrientations_iPad = "UIInterfaceOrientationPortrait UIInterfaceOrientationPortraitUpsideDown UIInterfaceOrientationLandscapeLeft UIInterfaceOrientationLandscapeRight";
				INFOPLIST_KEY_UISupportedInterfaceOrientations_iPhone = "UIInterfaceOrientationPortrait UIInterfaceOrientationLandscapeLeft UIInterfaceOrientationLandscapeRight";
				LD_RUNPATH_SEARCH_PATHS = (
					"$(inherited)",
					"@executable_path/Frameworks",
				);
				MARKETING_VERSION = 1.0;
				PRODUCT_BUNDLE_IDENTIFIER = com.Hongdi.RainBowBridge;
				PRODUCT_NAME = "$(TARGET_NAME)";
				SWIFT_EMIT_LOC_STRINGS = YES;
				SWIFT_VERSION = 5.0;
				TARGETED_DEVICE_FAMILY = "1,2";
			};
			name = Debug;
		};
		146B86022716AC3F007B56D4 /* Release */ = {
			isa = XCBuildConfiguration;
			baseConfigurationReference = 5E559576790135819B720C1F /* Pods-RainBowBridge.release.xcconfig */;
			buildSettings = {
				ASSETCATALOG_COMPILER_APPICON_NAME = AppIcon;
				ASSETCATALOG_COMPILER_GLOBAL_ACCENT_COLOR_NAME = AccentColor;
				CODE_SIGN_STYLE = Automatic;
				CURRENT_PROJECT_VERSION = 1;
				DEVELOPMENT_TEAM = KHGUSP9738;
				GENERATE_INFOPLIST_FILE = YES;
				INFOPLIST_FILE = RainBowBridge/Info.plist;
				INFOPLIST_KEY_UIApplicationSupportsIndirectInputEvents = YES;
				INFOPLIST_KEY_UILaunchStoryboardName = LaunchScreen;
				INFOPLIST_KEY_UIMainStoryboardFile = Main;
				INFOPLIST_KEY_UISupportedInterfaceOrientations_iPad = "UIInterfaceOrientationPortrait UIInterfaceOrientationPortraitUpsideDown UIInterfaceOrientationLandscapeLeft UIInterfaceOrientationLandscapeRight";
				INFOPLIST_KEY_UISupportedInterfaceOrientations_iPhone = "UIInterfaceOrientationPortrait UIInterfaceOrientationLandscapeLeft UIInterfaceOrientationLandscapeRight";
				LD_RUNPATH_SEARCH_PATHS = (
					"$(inherited)",
					"@executable_path/Frameworks",
				);
				MARKETING_VERSION = 1.0;
				PRODUCT_BUNDLE_IDENTIFIER = com.Hongdi.RainBowBridge;
				PRODUCT_NAME = "$(TARGET_NAME)";
				SWIFT_EMIT_LOC_STRINGS = YES;
				SWIFT_VERSION = 5.0;
				TARGETED_DEVICE_FAMILY = "1,2";
			};
			name = Release;
		};
/* End XCBuildConfiguration section */

/* Begin XCConfigurationList section */
		146B85E72716AC3D007B56D4 /* Build configuration list for PBXProject "RainBowBridge" */ = {
			isa = XCConfigurationList;
			buildConfigurations = (
				146B85FE2716AC3F007B56D4 /* Debug */,
				146B85FF2716AC3F007B56D4 /* Release */,
			);
			defaultConfigurationIsVisible = 0;
			defaultConfigurationName = Release;
		};
		146B86002716AC3F007B56D4 /* Build configuration list for PBXNativeTarget "RainBowBridge" */ = {
			isa = XCConfigurationList;
			buildConfigurations = (
				146B86012716AC3F007B56D4 /* Debug */,
				146B86022716AC3F007B56D4 /* Release */,
			);
			defaultConfigurationIsVisible = 0;
			defaultConfigurationName = Release;
		};
/* End XCConfigurationList section */
	};
	rootObject = 146B85E42716AC3D007B56D4 /* Project object */;
}
